// !$*UTF8*$!
{
	archiveVersion = 1;
	classes = {
	};
	objectVersion = 46;
	objects = {

/* Begin PBXBuildFile section */
		8413268F1DA2A981001E6C05 /* AppDelegate.swift in Sources */ = {isa = PBXBuildFile; fileRef = 8413268E1DA2A981001E6C05 /* AppDelegate.swift */; };
		841326911DA2A981001E6C05 /* ViewController.swift in Sources */ = {isa = PBXBuildFile; fileRef = 841326901DA2A981001E6C05 /* ViewController.swift */; };
		841326941DA2A981001E6C05 /* Main.storyboard in Resources */ = {isa = PBXBuildFile; fileRef = 841326921DA2A981001E6C05 /* Main.storyboard */; };
		841326961DA2A981001E6C05 /* Assets.xcassets in Resources */ = {isa = PBXBuildFile; fileRef = 841326951DA2A981001E6C05 /* Assets.xcassets */; };
		841326991DA2A981001E6C05 /* LaunchScreen.storyboard in Resources */ = {isa = PBXBuildFile; fileRef = 841326971DA2A981001E6C05 /* LaunchScreen.storyboard */; };
/* End PBXBuildFile section */

/* Begin PBXFileReference section */
		8413268B1DA2A981001E6C05 /* Giraffe.app */ = {isa = PBXFileReference; explicitFileType = wrapper.application; includeInIndex = 0; path = Giraffe.app; sourceTree = BUILT_PRODUCTS_DIR; };
		8413268E1DA2A981001E6C05 /* AppDelegate.swift */ = {isa = PBXFileReference; lastKnownFileType = sourcecode.swift; path = AppDelegate.swift; sourceTree = "<group>"; };
		841326901DA2A981001E6C05 /* ViewController.swift */ = {isa = PBXFileReference; lastKnownFileType = sourcecode.swift; path = ViewController.swift; sourceTree = "<group>"; };
		841326931DA2A981001E6C05 /* Base */ = {isa = PBXFileReference; lastKnownFileType = file.storyboard; name = Base; path = Base.lproj/Main.storyboard; sourceTree = "<group>"; };
		841326951DA2A981001E6C05 /* Assets.xcassets */ = {isa = PBXFileReference; lastKnownFileType = folder.assetcatalog; path = Assets.xcassets; sourceTree = "<group>"; };
		841326981DA2A981001E6C05 /* Base */ = {isa = PBXFileReference; lastKnownFileType = file.storyboard; name = Base; path = Base.lproj/LaunchScreen.storyboard; sourceTree = "<group>"; };
		8413269A1DA2A981001E6C05 /* Info.plist */ = {isa = PBXFileReference; lastKnownFileType = text.plist.xml; path = Info.plist; sourceTree = "<group>"; };
/* End PBXFileReference section */

/* Begin PBXFrameworksBuildPhase section */
		841326881DA2A980001E6C05 /* Frameworks */ = {
			isa = PBXFrameworksBuildPhase;
			buildActionMask = 2147483647;
			files = (
			);
			runOnlyForDeploymentPostprocessing = 0;
		};
/* End PBXFrameworksBuildPhase section */

/* Begin PBXGroup section */
		841326821DA2A980001E6C05 = {
			isa = PBXGroup;
			children = (
				8413268D1DA2A981001E6C05 /* Giraffe */,
				8413268C1DA2A981001E6C05 /* Products */,
			);
			sourceTree = "<group>";
		};
		8413268C1DA2A981001E6C05 /* Products */ = {
			isa = PBXGroup;
			children = (
				8413268B1DA2A981001E6C05 /* Giraffe.app */,
			);
			name = Products;
			sourceTree = "<group>";
		};
		8413268D1DA2A981001E6C05 /* Giraffe */ = {
			isa = PBXGroup;
			children = (
				8413268E1DA2A981001E6C05 /* AppDelegate.swift */,
				841326901DA2A981001E6C05 /* ViewController.swift */,
				841326921DA2A981001E6C05 /* Main.storyboard */,
				841326951DA2A981001E6C05 /* Assets.xcassets */,
				841326971DA2A981001E6C05 /* LaunchScreen.storyboard */,
				8413269A1DA2A981001E6C05 /* Info.plist */,
			);
			path = Giraffe;
			sourceTree = "<group>";
		};
/* End PBXGroup section */

/* Begin PBXNativeTarget section */
		8413268A1DA2A980001E6C05 /* Giraffe */ = {
			isa = PBXNativeTarget;
			buildConfigurationList = 8413269D1DA2A981001E6C05 /* Build configuration list for PBXNativeTarget "Giraffe" */;
			buildPhases = (
				841326871DA2A980001E6C05 /* Sources */,
				841326881DA2A980001E6C05 /* Frameworks */,
				841326891DA2A980001E6C05 /* Resources */,
			);
			buildRules = (
			);
			dependencies = (
			);
			name = Giraffe;
			productName = Giraffe;
			productReference = 8413268B1DA2A981001E6C05 /* Giraffe.app */;
			productType = "com.apple.product-type.application";
		};
/* End PBXNativeTarget section */

/* Begin PBXProject section */
		841326831DA2A980001E6C05 /* Project object */ = {
			isa = PBXProject;
			attributes = {
				LastSwiftUpdateCheck = 0800;
				LastUpgradeCheck = 0800;
				ORGANIZATIONNAME = Admin;
				TargetAttributes = {
					8413268A1DA2A980001E6C05 = {
						CreatedOnToolsVersion = 8.0;
						ProvisioningStyle = Automatic;
					};
				};
			};
			buildConfigurationList = 841326861DA2A980001E6C05 /* Build configuration list for PBXProject "Giraffe" */;
			compatibilityVersion = "Xcode 3.2";
			developmentRegion = English;
			hasScannedForEncodings = 0;
			knownRegions = (
				en,
				Base,
			);
			mainGroup = 841326821DA2A980001E6C05;
			productRefGroup = 8413268C1DA2A981001E6C05 /* Products */;
			projectDirPath = "";
			projectRoot = "";
			targets = (
				8413268A1DA2A980001E6C05 /* Giraffe */,
			);
		};
/* End PBXProject section */

/* Begin PBXResourcesBuildPhase section */
		841326891DA2A980001E6C05 /* Resources */ = {
			isa = PBXResourcesBuildPhase;
			buildActionMask = 2147483647;
			files = (
				841326991DA2A981001E6C05 /* LaunchScreen.storyboard in Resources */,
				841326961DA2A981001E6C05 /* Assets.xcassets in Resources */,
				841326941DA2A981001E6C05 /* Main.storyboard in Resources */,
			);
			runOnlyForDeploymentPostprocessing = 0;
		};
/* End PBXResourcesBuildPhase section */

/* Begin PBXSourcesBuildPhase section */
		841326871DA2A980001E6C05 /* Sources */ = {
			isa = PBXSourcesBuildPhase;
			buildActionMask = 2147483647;
			files = (
				841326911DA2A981001E6C05 /* ViewController.swift in Sources */,
				8413268F1DA2A981001E6C05 /* AppDelegate.swift in Sources */,
			);
			runOnlyForDeploymentPostprocessing = 0;
		};
/* End PBXSourcesBuildPhase section */

/* Begin PBXVariantGroup section */
		841326921DA2A981001E6C05 /* Main.storyboard */ = {
			isa = PBXVariantGroup;
			children = (
				841326931DA2A981001E6C05 /* Base */,
			);
			name = Main.storyboard;
			sourceTree = "<group>";
		};
		841326971DA2A981001E6C05 /* LaunchScreen.storyboard */ = {
			isa = PBXVariantGroup;
			children = (
				841326981DA2A981001E6C05 /* Base */,
			);
			name = LaunchScreen.storyboard;
			sourceTree = "<group>";
		};
/* End PBXVariantGroup section */

/* Begin XCBuildConfiguration section */
		8413269B1DA2A981001E6C05 /* Debug */ = {
			isa = XCBuildConfiguration;
			buildSettings = {
				ALWAYS_SEARCH_USER_PATHS = NO;
				CLANG_ANALYZER_NONNULL = YES;
				CLANG_CXX_LANGUAGE_STANDARD = "gnu++0x";
				CLANG_CXX_LIBRARY = "libc++";
				CLANG_ENABLE_MODULES = YES;
				CLANG_ENABLE_OBJC_ARC = YES;
				CLANG_WARN_BOOL_CONVERSION = YES;
				CLANG_WARN_CONSTANT_CONVERSION = YES;
				CLANG_WARN_DIRECT_OBJC_ISA_USAGE = YES_ERROR;
				CLANG_WARN_DOCUMENTATION_COMMENTS = YES;
				CLANG_WARN_EMPTY_BODY = YES;
				CLANG_WARN_ENUM_CONVERSION = YES;
				CLANG_WARN_INFINITE_RECURSION = YES;
				CLANG_WARN_INT_CONVERSION = YES;
				CLANG_WARN_OBJC_ROOT_CLASS = YES_ERROR;
				CLANG_WARN_SUSPICIOUS_MOVES = YES;
				CLANG_WARN_UNREACHABLE_CODE = YES;
				CLANG_WARN__DUPLICATE_METHOD_MATCH = YES;
				"CODE_SIGN_IDENTITY[sdk=iphoneos*]" = "iPhone Developer";
				COPY_PHASE_STRIP = NO;
				DEBUG_INFORMATION_FORMAT = dwarf;
				ENABLE_STRICT_OBJC_MSGSEND = YES;
				ENABLE_TESTABILITY = YES;
				GCC_C_LANGUAGE_STANDARD = gnu99;
				GCC_DYNAMIC_NO_PIC = NO;
				GCC_NO_COMMON_BLOCKS = YES;
				GCC_OPTIMIZATION_LEVEL = 0;
				GCC_PREPROCESSOR_DEFINITIONS = (
					"DEBUG=1",
					"$(inherited)",
				);
				GCC_WARN_64_TO_32_BIT_CONVERSION = YES;
				GCC_WARN_ABOUT_RETURN_TYPE = YES_ERROR;
				GCC_WARN_UNDECLARED_SELECTOR = YES;
				GCC_WARN_UNINITIALIZED_AUTOS = YES_AGGRESSIVE;
				GCC_WARN_UNUSED_FUNCTION = YES;
				GCC_WARN_UNUSED_VARIABLE = YES;
				IPHONEOS_DEPLOYMENT_TARGET = 10.0;
				MTL_ENABLE_DEBUG_INFO = YES;
				ONLY_ACTIVE_ARCH = YES;
				SDKROOT = iphoneos;
				SWIFT_ACTIVE_COMPILATION_CONDITIONS = DEBUG;
				SWIFT_OPTIMIZATION_LEVEL = "-Onone";
				TARGETED_DEVICE_FAMILY = "1,2";
			};
			name = Debug;
		};
		8413269C1DA2A981001E6C05 /* Release */ = {
			isa = XCBuildConfiguration;
			buildSettings = {
				ALWAYS_SEARCH_USER_PATHS = NO;
				CLANG_ANALYZER_NONNULL = YES;
				CLANG_CXX_LANGUAGE_STANDARD = "gnu++0x";
				CLANG_CXX_LIBRARY = "libc++";
				CLANG_ENABLE_MODULES = YES;
				CLANG_ENABLE_OBJC_ARC = YES;
				CLANG_WARN_BOOL_CONVERSION = YES;
				CLANG_WARN_CONSTANT_CONVERSION = YES;
				CLANG_WARN_DIRECT_OBJC_ISA_USAGE = YES_ERROR;
				CLANG_WARN_DOCUMENTATION_COMMENTS = YES;
				CLANG_WARN_EMPTY_BODY = YES;
				CLANG_WARN_ENUM_CONVERSION = YES;
				CLANG_WARN_INFINITE_RECURSION = YES;
				CLANG_WARN_INT_CONVERSION = YES;
				CLANG_WARN_OBJC_ROOT_CLASS = YES_ERROR;
				CLANG_WARN_SUSPICIOUS_MOVES = YES;
				CLANG_WARN_UNREACHABLE_CODE = YES;
				CLANG_WARN__DUPLICATE_METHOD_MATCH = YES;
				"CODE_SIGN_IDENTITY[sdk=iphoneos*]" = "iPhone Developer";
				COPY_PHASE_STRIP = NO;
				DEBUG_INFORMATION_FORMAT = "dwarf-with-dsym";
				ENABLE_NS_ASSERTIONS = NO;
				ENABLE_STRICT_OBJC_MSGSEND = YES;
				GCC_C_LANGUAGE_STANDARD = gnu99;
				GCC_NO_COMMON_BLOCKS = YES;
				GCC_WARN_64_TO_32_BIT_CONVERSION = YES;
				GCC_WARN_ABOUT_RETURN_TYPE = YES_ERROR;
				GCC_WARN_UNDECLARED_SELECTOR = YES;
				GCC_WARN_UNINITIALIZED_AUTOS = YES_AGGRESSIVE;
				GCC_WARN_UNUSED_FUNCTION = YES;
				GCC_WARN_UNUSED_VARIABLE = YES;
				IPHONEOS_DEPLOYMENT_TARGET = 10.0;
				MTL_ENABLE_DEBUG_INFO = NO;
				SDKROOT = iphoneos;
				SWIFT_OPTIMIZATION_LEVEL = "-Owholemodule";
				TARGETED_DEVICE_FAMILY = "1,2";
				VALIDATE_PRODUCT = YES;
			};
			name = Release;
		};
		8413269E1DA2A981001E6C05 /* Debug */ = {
			isa = XCBuildConfiguration;
			buildSettings = {
				ASSETCATALOG_COMPILER_APPICON_NAME = AppIcon;
				INFOPLIST_FILE = Giraffe/Info.plist;
				LD_RUNPATH_SEARCH_PATHS = "$(inherited) @executable_path/Frameworks";
				PRODUCT_BUNDLE_IDENTIFIER = com.GMoney.Giraffe;
				PRODUCT_NAME = "$(TARGET_NAME)";
				SWIFT_VERSION = 3.0;
			};
			name = Debug;
		};
		8413269F1DA2A981001E6C05 /* Release */ = {
			isa = XCBuildConfiguration;
			buildSettings = {
				ASSETCATALOG_COMPILER_APPICON_NAME = AppIcon;
				INFOPLIST_FILE = Giraffe/Info.plist;
				LD_RUNPATH_SEARCH_PATHS = "$(inherited) @executable_path/Frameworks";
				PRODUCT_BUNDLE_IDENTIFIER = com.GMoney.Giraffe;
				PRODUCT_NAME = "$(TARGET_NAME)";
				SWIFT_VERSION = 3.0;
			};
			name = Release;
		};
/* End XCBuildConfiguration section */

/* Begin XCConfigurationList section */
		841326861DA2A980001E6C05 /* Build configuration list for PBXProject "Giraffe" */ = {
			isa = XCConfigurationList;
			buildConfigurations = (
				8413269B1DA2A981001E6C05 /* Debug */,
				8413269C1DA2A981001E6C05 /* Release */,
			);
			defaultConfigurationIsVisible = 0;
			defaultConfigurationName = Release;
		};
		8413269D1DA2A981001E6C05 /* Build configuration list for PBXNativeTarget "Giraffe" */ = {
			isa = XCConfigurationList;
			buildConfigurations = (
				8413269E1DA2A981001E6C05 /* Debug */,
				8413269F1DA2A981001E6C05 /* Release */,
			);
			defaultConfigurationIsVisible = 0;
		};
/* End XCConfigurationList section */
	};
	rootObject = 841326831DA2A980001E6C05 /* Project object */;
}
